// !$*UTF8*$!
{
	archiveVersion = 1;
	classes = {
	};
	objectVersion = 46;
	objects = {

/* Begin PBXBuildFile section */
		66960FD41935DAAF007B42D6 /* Foundation.framework in Frameworks */ = {isa = PBXBuildFile; fileRef = 66960FD31935DAAF007B42D6 /* Foundation.framework */; };
		66960FD61935DAAF007B42D6 /* CoreGraphics.framework in Frameworks */ = {isa = PBXBuildFile; fileRef = 66960FD51935DAAF007B42D6 /* CoreGraphics.framework */; };
		66960FD81935DAAF007B42D6 /* UIKit.framework in Frameworks */ = {isa = PBXBuildFile; fileRef = 66960FD71935DAAF007B42D6 /* UIKit.framework */; };
		66960FDE1935DAAF007B42D6 /* InfoPlist.strings in Resources */ = {isa = PBXBuildFile; fileRef = 66960FDC1935DAAF007B42D6 /* InfoPlist.strings */; };
		66960FE01935DAAF007B42D6 /* main.m in Sources */ = {isa = PBXBuildFile; fileRef = 66960FDF1935DAAF007B42D6 /* main.m */; };
		66960FE41935DAAF007B42D6 /* AppDelegate.m in Sources */ = {isa = PBXBuildFile; fileRef = 66960FE31935DAAF007B42D6 /* AppDelegate.m */; };
		66960FE71935DAAF007B42D6 /* Main.storyboard in Resources */ = {isa = PBXBuildFile; fileRef = 66960FE51935DAAF007B42D6 /* Main.storyboard */; };
		66960FEA1935DAAF007B42D6 /* ViewController.m in Sources */ = {isa = PBXBuildFile; fileRef = 66960FE91935DAAF007B42D6 /* ViewController.m */; };
		66960FEC1935DAAF007B42D6 /* Images.xcassets in Resources */ = {isa = PBXBuildFile; fileRef = 66960FEB1935DAAF007B42D6 /* Images.xcassets */; };
		66960FF31935DAAF007B42D6 /* XCTest.framework in Frameworks */ = {isa = PBXBuildFile; fileRef = 66960FF21935DAAF007B42D6 /* XCTest.framework */; };
		66960FF41935DAAF007B42D6 /* Foundation.framework in Frameworks */ = {isa = PBXBuildFile; fileRef = 66960FD31935DAAF007B42D6 /* Foundation.framework */; };
		66960FF51935DAAF007B42D6 /* UIKit.framework in Frameworks */ = {isa = PBXBuildFile; fileRef = 66960FD71935DAAF007B42D6 /* UIKit.framework */; };
		66960FFD1935DAAF007B42D6 /* InfoPlist.strings in Resources */ = {isa = PBXBuildFile; fileRef = 66960FFB1935DAAF007B42D6 /* InfoPlist.strings */; };
		66960FFF1935DAAF007B42D6 /* ZagorodTests.m in Sources */ = {isa = PBXBuildFile; fileRef = 66960FFE1935DAAF007B42D6 /* ZagorodTests.m */; };
/* End PBXBuildFile section */

/* Begin PBXContainerItemProxy section */
		66960FF61935DAAF007B42D6 /* PBXContainerItemProxy */ = {
			isa = PBXContainerItemProxy;
			containerPortal = 66960FC81935DAAF007B42D6 /* Project object */;
			proxyType = 1;
			remoteGlobalIDString = 66960FCF1935DAAF007B42D6;
			remoteInfo = Zagorod;
		};
/* End PBXContainerItemProxy section */

/* Begin PBXFileReference section */
		66960FD01935DAAF007B42D6 /* Zagorod.app */ = {isa = PBXFileReference; explicitFileType = wrapper.application; includeInIndex = 0; path = Zagorod.app; sourceTree = BUILT_PRODUCTS_DIR; };
		66960FD31935DAAF007B42D6 /* Foundation.framework */ = {isa = PBXFileReference; lastKnownFileType = wrapper.framework; name = Foundation.framework; path = System/Library/Frameworks/Foundation.framework; sourceTree = SDKROOT; };
		66960FD51935DAAF007B42D6 /* CoreGraphics.framework */ = {isa = PBXFileReference; lastKnownFileType = wrapper.framework; name = CoreGraphics.framework; path = System/Library/Frameworks/CoreGraphics.framework; sourceTree = SDKROOT; };
		66960FD71935DAAF007B42D6 /* UIKit.framework */ = {isa = PBXFileReference; lastKnownFileType = wrapper.framework; name = UIKit.framework; path = System/Library/Frameworks/UIKit.framework; sourceTree = SDKROOT; };
		66960FDB1935DAAF007B42D6 /* Zagorod-Info.plist */ = {isa = PBXFileReference; lastKnownFileType = text.plist.xml; path = "Zagorod-Info.plist"; sourceTree = "<group>"; };
		66960FDD1935DAAF007B42D6 /* en */ = {isa = PBXFileReference; lastKnownFileType = text.plist.strings; name = en; path = en.lproj/InfoPlist.strings; sourceTree = "<group>"; };
		66960FDF1935DAAF007B42D6 /* main.m */ = {isa = PBXFileReference; lastKnownFileType = sourcecode.c.objc; path = main.m; sourceTree = "<group>"; };
		66960FE11935DAAF007B42D6 /* Zagorod-Prefix.pch */ = {isa = PBXFileReference; lastKnownFileType = sourcecode.c.h; path = "Zagorod-Prefix.pch"; sourceTree = "<group>"; };
		66960FE21935DAAF007B42D6 /* AppDelegate.h */ = {isa = PBXFileReference; lastKnownFileType = sourcecode.c.h; path = AppDelegate.h; sourceTree = "<group>"; };
		66960FE31935DAAF007B42D6 /* AppDelegate.m */ = {isa = PBXFileReference; lastKnownFileType = sourcecode.c.objc; path = AppDelegate.m; sourceTree = "<group>"; };
		66960FE61935DAAF007B42D6 /* Base */ = {isa = PBXFileReference; lastKnownFileType = file.storyboard; name = Base; path = Base.lproj/Main.storyboard; sourceTree = "<group>"; };
		66960FE81935DAAF007B42D6 /* ViewController.h */ = {isa = PBXFileReference; lastKnownFileType = sourcecode.c.h; path = ViewController.h; sourceTree = "<group>"; };
		66960FE91935DAAF007B42D6 /* ViewController.m */ = {isa = PBXFileReference; lastKnownFileType = sourcecode.c.objc; path = ViewController.m; sourceTree = "<group>"; };
		66960FEB1935DAAF007B42D6 /* Images.xcassets */ = {isa = PBXFileReference; lastKnownFileType = folder.assetcatalog; path = Images.xcassets; sourceTree = "<group>"; };
		66960FF11935DAAF007B42D6 /* ZagorodTests.xctest */ = {isa = PBXFileReference; explicitFileType = wrapper.cfbundle; includeInIndex = 0; path = ZagorodTests.xctest; sourceTree = BUILT_PRODUCTS_DIR; };
		66960FF21935DAAF007B42D6 /* XCTest.framework */ = {isa = PBXFileReference; lastKnownFileType = wrapper.framework; name = XCTest.framework; path = Library/Frameworks/XCTest.framework; sourceTree = DEVELOPER_DIR; };
		66960FFA1935DAAF007B42D6 /* ZagorodTests-Info.plist */ = {isa = PBXFileReference; lastKnownFileType = text.plist.xml; path = "ZagorodTests-Info.plist"; sourceTree = "<group>"; };
		66960FFC1935DAAF007B42D6 /* en */ = {isa = PBXFileReference; lastKnownFileType = text.plist.strings; name = en; path = en.lproj/InfoPlist.strings; sourceTree = "<group>"; };
		66960FFE1935DAAF007B42D6 /* ZagorodTests.m */ = {isa = PBXFileReference; lastKnownFileType = sourcecode.c.objc; path = ZagorodTests.m; sourceTree = "<group>"; };
/* End PBXFileReference section */

/* Begin PBXFrameworksBuildPhase section */
		66960FCD1935DAAF007B42D6 /* Frameworks */ = {
			isa = PBXFrameworksBuildPhase;
			buildActionMask = 2147483647;
			files = (
				66960FD61935DAAF007B42D6 /* CoreGraphics.framework in Frameworks */,
				66960FD81935DAAF007B42D6 /* UIKit.framework in Frameworks */,
				66960FD41935DAAF007B42D6 /* Foundation.framework in Frameworks */,
			);
			runOnlyForDeploymentPostprocessing = 0;
		};
		66960FEE1935DAAF007B42D6 /* Frameworks */ = {
			isa = PBXFrameworksBuildPhase;
			buildActionMask = 2147483647;
			files = (
				66960FF31935DAAF007B42D6 /* XCTest.framework in Frameworks */,
				66960FF51935DAAF007B42D6 /* UIKit.framework in Frameworks */,
				66960FF41935DAAF007B42D6 /* Foundation.framework in Frameworks */,
			);
			runOnlyForDeploymentPostprocessing = 0;
		};
/* End PBXFrameworksBuildPhase section */

/* Begin PBXGroup section */
		66960FC71935DAAF007B42D6 = {
			isa = PBXGroup;
			children = (
				66960FD91935DAAF007B42D6 /* Zagorod */,
				66960FF81935DAAF007B42D6 /* ZagorodTests */,
				66960FD21935DAAF007B42D6 /* Frameworks */,
				66960FD11935DAAF007B42D6 /* Products */,
			);
			sourceTree = "<group>";
		};
		66960FD11935DAAF007B42D6 /* Products */ = {
			isa = PBXGroup;
			children = (
				66960FD01935DAAF007B42D6 /* Zagorod.app */,
				66960FF11935DAAF007B42D6 /* ZagorodTests.xctest */,
			);
			name = Products;
			sourceTree = "<group>";
		};
		66960FD21935DAAF007B42D6 /* Frameworks */ = {
			isa = PBXGroup;
			children = (
				66960FD31935DAAF007B42D6 /* Foundation.framework */,
				66960FD51935DAAF007B42D6 /* CoreGraphics.framework */,
				66960FD71935DAAF007B42D6 /* UIKit.framework */,
				66960FF21935DAAF007B42D6 /* XCTest.framework */,
			);
			name = Frameworks;
			sourceTree = "<group>";
		};
		66960FD91935DAAF007B42D6 /* Zagorod */ = {
			isa = PBXGroup;
			children = (
				669610081935DC9C007B42D6 /* iPad */,
				66960FE21935DAAF007B42D6 /* AppDelegate.h */,
				66960FE31935DAAF007B42D6 /* AppDelegate.m */,
				66960FE51935DAAF007B42D6 /* Main.storyboard */,
				66960FE81935DAAF007B42D6 /* ViewController.h */,
				66960FE91935DAAF007B42D6 /* ViewController.m */,
				66960FEB1935DAAF007B42D6 /* Images.xcassets */,
				66960FDA1935DAAF007B42D6 /* Supporting Files */,
			);
			path = Zagorod;
			sourceTree = "<group>";
		};
		66960FDA1935DAAF007B42D6 /* Supporting Files */ = {
			isa = PBXGroup;
			children = (
				66960FDB1935DAAF007B42D6 /* Zagorod-Info.plist */,
				66960FDC1935DAAF007B42D6 /* InfoPlist.strings */,
				66960FDF1935DAAF007B42D6 /* main.m */,
				66960FE11935DAAF007B42D6 /* Zagorod-Prefix.pch */,
			);
			name = "Supporting Files";
			sourceTree = "<group>";
		};
		66960FF81935DAAF007B42D6 /* ZagorodTests */ = {
			isa = PBXGroup;
			children = (
				66960FFE1935DAAF007B42D6 /* ZagorodTests.m */,
				66960FF91935DAAF007B42D6 /* Supporting Files */,
			);
			path = ZagorodTests;
			sourceTree = "<group>";
		};
		66960FF91935DAAF007B42D6 /* Supporting Files */ = {
			isa = PBXGroup;
			children = (
				66960FFA1935DAAF007B42D6 /* ZagorodTests-Info.plist */,
				66960FFB1935DAAF007B42D6 /* InfoPlist.strings */,
			);
			name = "Supporting Files";
			sourceTree = "<group>";
		};
		669610081935DC9C007B42D6 /* iPad */ = {
			isa = PBXGroup;
			children = (
			);
			name = iPad;
			sourceTree = "<group>";
		};
/* End PBXGroup section */

/* Begin PBXNativeTarget section */
		66960FCF1935DAAF007B42D6 /* Zagorod */ = {
			isa = PBXNativeTarget;
			buildConfigurationList = 669610021935DAAF007B42D6 /* Build configuration list for PBXNativeTarget "Zagorod" */;
			buildPhases = (
				66960FCC1935DAAF007B42D6 /* Sources */,
				66960FCD1935DAAF007B42D6 /* Frameworks */,
				66960FCE1935DAAF007B42D6 /* Resources */,
			);
			buildRules = (
			);
			dependencies = (
			);
			name = Zagorod;
			productName = Zagorod;
			productReference = 66960FD01935DAAF007B42D6 /* Zagorod.app */;
			productType = "com.apple.product-type.application";
		};
		66960FF01935DAAF007B42D6 /* ZagorodTests */ = {
			isa = PBXNativeTarget;
			buildConfigurationList = 669610051935DAAF007B42D6 /* Build configuration list for PBXNativeTarget "ZagorodTests" */;
			buildPhases = (
				66960FED1935DAAF007B42D6 /* Sources */,
				66960FEE1935DAAF007B42D6 /* Frameworks */,
				66960FEF1935DAAF007B42D6 /* Resources */,
			);
			buildRules = (
			);
			dependencies = (
				66960FF71935DAAF007B42D6 /* PBXTargetDependency */,
			);
			name = ZagorodTests;
			productName = ZagorodTests;
			productReference = 66960FF11935DAAF007B42D6 /* ZagorodTests.xctest */;
			productType = "com.apple.product-type.bundle.unit-test";
		};
/* End PBXNativeTarget section */

/* Begin PBXProject section */
		66960FC81935DAAF007B42D6 /* Project object */ = {
			isa = PBXProject;
			attributes = {
				LastUpgradeCheck = 0510;
				ORGANIZATIONNAME = Brandymint;
				TargetAttributes = {
					66960FF01935DAAF007B42D6 = {
						TestTargetID = 66960FCF1935DAAF007B42D6;
					};
				};
			};
			buildConfigurationList = 66960FCB1935DAAF007B42D6 /* Build configuration list for PBXProject "Zagorod" */;
			compatibilityVersion = "Xcode 3.2";
			developmentRegion = English;
			hasScannedForEncodings = 0;
			knownRegions = (
				en,
				Base,
			);
			mainGroup = 66960FC71935DAAF007B42D6;
			productRefGroup = 66960FD11935DAAF007B42D6 /* Products */;
			projectDirPath = "";
			projectRoot = "";
			targets = (
				66960FCF1935DAAF007B42D6 /* Zagorod */,
				66960FF01935DAAF007B42D6 /* ZagorodTests */,
			);
		};
/* End PBXProject section */

/* Begin PBXResourcesBuildPhase section */
		66960FCE1935DAAF007B42D6 /* Resources */ = {
			isa = PBXResourcesBuildPhase;
			buildActionMask = 2147483647;
			files = (
				66960FEC1935DAAF007B42D6 /* Images.xcassets in Resources */,
				66960FDE1935DAAF007B42D6 /* InfoPlist.strings in Resources */,
				66960FE71935DAAF007B42D6 /* Main.storyboard in Resources */,
			);
			runOnlyForDeploymentPostprocessing = 0;
		};
		66960FEF1935DAAF007B42D6 /* Resources */ = {
			isa = PBXResourcesBuildPhase;
			buildActionMask = 2147483647;
			files = (
				66960FFD1935DAAF007B42D6 /* InfoPlist.strings in Resources */,
			);
			runOnlyForDeploymentPostprocessing = 0;
		};
/* End PBXResourcesBuildPhase section */

/* Begin PBXSourcesBuildPhase section */
		66960FCC1935DAAF007B42D6 /* Sources */ = {
			isa = PBXSourcesBuildPhase;
			buildActionMask = 2147483647;
			files = (
				66960FEA1935DAAF007B42D6 /* ViewController.m in Sources */,
				66960FE41935DAAF007B42D6 /* AppDelegate.m in Sources */,
				66960FE01935DAAF007B42D6 /* main.m in Sources */,
			);
			runOnlyForDeploymentPostprocessing = 0;
		};
		66960FED1935DAAF007B42D6 /* Sources */ = {
			isa = PBXSourcesBuildPhase;
			buildActionMask = 2147483647;
			files = (
				66960FFF1935DAAF007B42D6 /* ZagorodTests.m in Sources */,
			);
			runOnlyForDeploymentPostprocessing = 0;
		};
/* End PBXSourcesBuildPhase section */

/* Begin PBXTargetDependency section */
		66960FF71935DAAF007B42D6 /* PBXTargetDependency */ = {
			isa = PBXTargetDependency;
			target = 66960FCF1935DAAF007B42D6 /* Zagorod */;
			targetProxy = 66960FF61935DAAF007B42D6 /* PBXContainerItemProxy */;
		};
/* End PBXTargetDependency section */

/* Begin PBXVariantGroup section */
		66960FDC1935DAAF007B42D6 /* InfoPlist.strings */ = {
			isa = PBXVariantGroup;
			children = (
				66960FDD1935DAAF007B42D6 /* en */,
			);
			name = InfoPlist.strings;
			sourceTree = "<group>";
		};
		66960FE51935DAAF007B42D6 /* Main.storyboard */ = {
			isa = PBXVariantGroup;
			children = (
				66960FE61935DAAF007B42D6 /* Base */,
			);
			name = Main.storyboard;
			sourceTree = "<group>";
		};
		66960FFB1935DAAF007B42D6 /* InfoPlist.strings */ = {
			isa = PBXVariantGroup;
			children = (
				66960FFC1935DAAF007B42D6 /* en */,
			);
			name = InfoPlist.strings;
			sourceTree = "<group>";
		};
/* End PBXVariantGroup section */

/* Begin XCBuildConfiguration section */
		669610001935DAAF007B42D6 /* Debug */ = {
			isa = XCBuildConfiguration;
			buildSettings = {
				ALWAYS_SEARCH_USER_PATHS = NO;
				CLANG_CXX_LANGUAGE_STANDARD = "gnu++0x";
				CLANG_CXX_LIBRARY = "libc++";
				CLANG_ENABLE_MODULES = YES;
				CLANG_ENABLE_OBJC_ARC = YES;
				CLANG_WARN_BOOL_CONVERSION = YES;
				CLANG_WARN_CONSTANT_CONVERSION = YES;
				CLANG_WARN_DIRECT_OBJC_ISA_USAGE = YES_ERROR;
				CLANG_WARN_EMPTY_BODY = YES;
				CLANG_WARN_ENUM_CONVERSION = YES;
				CLANG_WARN_INT_CONVERSION = YES;
				CLANG_WARN_OBJC_ROOT_CLASS = YES_ERROR;
				CLANG_WARN__DUPLICATE_METHOD_MATCH = YES;
				"CODE_SIGN_IDENTITY[sdk=iphoneos*]" = "iPhone Developer";
				COPY_PHASE_STRIP = NO;
				GCC_C_LANGUAGE_STANDARD = gnu99;
				GCC_DYNAMIC_NO_PIC = NO;
				GCC_OPTIMIZATION_LEVEL = 0;
				GCC_PREPROCESSOR_DEFINITIONS = (
					"DEBUG=1",
					"$(inherited)",
				);
				GCC_SYMBOLS_PRIVATE_EXTERN = NO;
				GCC_WARN_64_TO_32_BIT_CONVERSION = YES;
				GCC_WARN_ABOUT_RETURN_TYPE = YES_ERROR;
				GCC_WARN_UNDECLARED_SELECTOR = YES;
				GCC_WARN_UNINITIALIZED_AUTOS = YES_AGGRESSIVE;
				GCC_WARN_UNUSED_FUNCTION = YES;
				GCC_WARN_UNUSED_VARIABLE = YES;
				IPHONEOS_DEPLOYMENT_TARGET = 7.1;
				ONLY_ACTIVE_ARCH = YES;
				SDKROOT = iphoneos;
			};
			name = Debug;
		};
		669610011935DAAF007B42D6 /* Release */ = {
			isa = XCBuildConfiguration;
			buildSettings = {
				ALWAYS_SEARCH_USER_PATHS = NO;
				CLANG_CXX_LANGUAGE_STANDARD = "gnu++0x";
				CLANG_CXX_LIBRARY = "libc++";
				CLANG_ENABLE_MODULES = YES;
				CLANG_ENABLE_OBJC_ARC = YES;
				CLANG_WARN_BOOL_CONVERSION = YES;
				CLANG_WARN_CONSTANT_CONVERSION = YES;
				CLANG_WARN_DIRECT_OBJC_ISA_USAGE = YES_ERROR;
				CLANG_WARN_EMPTY_BODY = YES;
				CLANG_WARN_ENUM_CONVERSION = YES;
				CLANG_WARN_INT_CONVERSION = YES;
				CLANG_WARN_OBJC_ROOT_CLASS = YES_ERROR;
				CLANG_WARN__DUPLICATE_METHOD_MATCH = YES;
				"CODE_SIGN_IDENTITY[sdk=iphoneos*]" = "iPhone Developer";
				COPY_PHASE_STRIP = YES;
				ENABLE_NS_ASSERTIONS = NO;
				GCC_C_LANGUAGE_STANDARD = gnu99;
				GCC_WARN_64_TO_32_BIT_CONVERSION = YES;
				GCC_WARN_ABOUT_RETURN_TYPE = YES_ERROR;
				GCC_WARN_UNDECLARED_SELECTOR = YES;
				GCC_WARN_UNINITIALIZED_AUTOS = YES_AGGRESSIVE;
				GCC_WARN_UNUSED_FUNCTION = YES;
				GCC_WARN_UNUSED_VARIABLE = YES;
				IPHONEOS_DEPLOYMENT_TARGET = 7.1;
				SDKROOT = iphoneos;
				VALIDATE_PRODUCT = YES;
			};
			name = Release;
		};
		669610031935DAAF007B42D6 /* Debug */ = {
			isa = XCBuildConfiguration;
			buildSettings = {
				ASSETCATALOG_COMPILER_APPICON_NAME = AppIcon;
				ASSETCATALOG_COMPILER_LAUNCHIMAGE_NAME = LaunchImage;
				GCC_PRECOMPILE_PREFIX_HEADER = YES;
				GCC_PREFIX_HEADER = "Zagorod/Zagorod-Prefix.pch";
				INFOPLIST_FILE = "Zagorod/Zagorod-Info.plist";
				IPHONEOS_DEPLOYMENT_TARGET = 6.0;
				PRODUCT_NAME = "$(TARGET_NAME)";
				TARGETED_DEVICE_FAMILY = 1;
				WRAPPER_EXTENSION = app;
			};
			name = Debug;
		};
		669610041935DAAF007B42D6 /* Release */ = {
			isa = XCBuildConfiguration;
			buildSettings = {
				ASSETCATALOG_COMPILER_APPICON_NAME = AppIcon;
				ASSETCATALOG_COMPILER_LAUNCHIMAGE_NAME = LaunchImage;
				GCC_PRECOMPILE_PREFIX_HEADER = YES;
				GCC_PREFIX_HEADER = "Zagorod/Zagorod-Prefix.pch";
				INFOPLIST_FILE = "Zagorod/Zagorod-Info.plist";
				IPHONEOS_DEPLOYMENT_TARGET = 6.0;
				PRODUCT_NAME = "$(TARGET_NAME)";
				TARGETED_DEVICE_FAMILY = 1;
				WRAPPER_EXTENSION = app;
			};
			name = Release;
		};
		669610061935DAAF007B42D6 /* Debug */ = {
			isa = XCBuildConfiguration;
			buildSettings = {
				BUNDLE_LOADER = "$(BUILT_PRODUCTS_DIR)/Zagorod.app/Zagorod";
				FRAMEWORK_SEARCH_PATHS = (
					"$(SDKROOT)/Developer/Library/Frameworks",
					"$(inherited)",
					"$(DEVELOPER_FRAMEWORKS_DIR)",
				);
				GCC_PRECOMPILE_PREFIX_HEADER = YES;
				GCC_PREFIX_HEADER = "Zagorod/Zagorod-Prefix.pch";
				GCC_PREPROCESSOR_DEFINITIONS = (
					"DEBUG=1",
					"$(inherited)",
				);
				INFOPLIST_FILE = "ZagorodTests/ZagorodTests-Info.plist";
				PRODUCT_NAME = "$(TARGET_NAME)";
				TEST_HOST = "$(BUNDLE_LOADER)";
				WRAPPER_EXTENSION = xctest;
			};
			name = Debug;
		};
		669610071935DAAF007B42D6 /* Release */ = {
			isa = XCBuildConfiguration;
			buildSettings = {
				BUNDLE_LOADER = "$(BUILT_PRODUCTS_DIR)/Zagorod.app/Zagorod";
				FRAMEWORK_SEARCH_PATHS = (
					"$(SDKROOT)/Developer/Library/Frameworks",
					"$(inherited)",
					"$(DEVELOPER_FRAMEWORKS_DIR)",
				);
				GCC_PRECOMPILE_PREFIX_HEADER = YES;
				GCC_PREFIX_HEADER = "Zagorod/Zagorod-Prefix.pch";
				INFOPLIST_FILE = "ZagorodTests/ZagorodTests-Info.plist";
				PRODUCT_NAME = "$(TARGET_NAME)";
				TEST_HOST = "$(BUNDLE_LOADER)";
				WRAPPER_EXTENSION = xctest;
			};
			name = Release;
		};
/* End XCBuildConfiguration section */

/* Begin XCConfigurationList section */
		66960FCB1935DAAF007B42D6 /* Build configuration list for PBXProject "Zagorod" */ = {
			isa = XCConfigurationList;
			buildConfigurations = (
				669610001935DAAF007B42D6 /* Debug */,
				669610011935DAAF007B42D6 /* Release */,
			);
			defaultConfigurationIsVisible = 0;
			defaultConfigurationName = Release;
		};
		669610021935DAAF007B42D6 /* Build configuration list for PBXNativeTarget "Zagorod" */ = {
			isa = XCConfigurationList;
			buildConfigurations = (
				669610031935DAAF007B42D6 /* Debug */,
				669610041935DAAF007B42D6 /* Release */,
			);
			defaultConfigurationIsVisible = 0;
			defaultConfigurationName = Release;
		};
		669610051935DAAF007B42D6 /* Build configuration list for PBXNativeTarget "ZagorodTests" */ = {
			isa = XCConfigurationList;
			buildConfigurations = (
				669610061935DAAF007B42D6 /* Debug */,
				669610071935DAAF007B42D6 /* Release */,
			);
			defaultConfigurationIsVisible = 0;
			defaultConfigurationName = Release;
		};
/* End XCConfigurationList section */
	};
	rootObject = 66960FC81935DAAF007B42D6 /* Project object */;
}
